// !$*UTF8*$!
{
	archiveVersion = 1;
	classes = {
	};
	objectVersion = 50;
	objects = {

/* Begin PBXBuildFile section */
		E315539C252EF92200329973 /* AppDelegate.swift in Sources */ = {isa = PBXBuildFile; fileRef = E315539B252EF92200329973 /* AppDelegate.swift */; };
		E315539E252EF92200329973 /* SceneDelegate.swift in Sources */ = {isa = PBXBuildFile; fileRef = E315539D252EF92200329973 /* SceneDelegate.swift */; };
		E31553A0252EF92200329973 /* ViewController.swift in Sources */ = {isa = PBXBuildFile; fileRef = E315539F252EF92200329973 /* ViewController.swift */; };
		E31553A5252EF92400329973 /* Assets.xcassets in Resources */ = {isa = PBXBuildFile; fileRef = E31553A4252EF92400329973 /* Assets.xcassets */; };
		E31553A8252EF92400329973 /* LaunchScreen.storyboard in Resources */ = {isa = PBXBuildFile; fileRef = E31553A6252EF92400329973 /* LaunchScreen.storyboard */; };
		E31553B0252EFA6900329973 /* ViewController.xib in Resources */ = {isa = PBXBuildFile; fileRef = E31553AF252EFA6900329973 /* ViewController.xib */; };
		E31553B4252F0AF000329973 /* TableViewCell.swift in Sources */ = {isa = PBXBuildFile; fileRef = E31553B2252F0AF000329973 /* TableViewCell.swift */; };
		E31553B5252F0AF000329973 /* TableViewCell.xib in Resources */ = {isa = PBXBuildFile; fileRef = E31553B3252F0AF000329973 /* TableViewCell.xib */; };
		E31553BB252F0C3900329973 /* Categories.swift in Sources */ = {isa = PBXBuildFile; fileRef = E31553BA252F0C3900329973 /* Categories.swift */; };
		E3623E2425381250006E0F2E /* CartTableViewCell.swift in Sources */ = {isa = PBXBuildFile; fileRef = E3623E2225381250006E0F2E /* CartTableViewCell.swift */; };
		E3623E2525381250006E0F2E /* CartTableViewCell.xib in Resources */ = {isa = PBXBuildFile; fileRef = E3623E2325381250006E0F2E /* CartTableViewCell.xib */; };
		E3623E5425385C77006E0F2E /* CartView.xib in Resources */ = {isa = PBXBuildFile; fileRef = E3623E5325385C77006E0F2E /* CartView.xib */; };
		E3623E5625385DC7006E0F2E /* CartView.swift in Sources */ = {isa = PBXBuildFile; fileRef = E3623E5525385DC7006E0F2E /* CartView.swift */; };
		E370A84B253462DE0065FD73 /* SecondViewController.swift in Sources */ = {isa = PBXBuildFile; fileRef = E370A849253462DE0065FD73 /* SecondViewController.swift */; };
		E370A84C253462DE0065FD73 /* SecondViewController.xib in Resources */ = {isa = PBXBuildFile; fileRef = E370A84A253462DE0065FD73 /* SecondViewController.xib */; };
		E370A850253464EC0065FD73 /* CollectionViewCell.swift in Sources */ = {isa = PBXBuildFile; fileRef = E370A84E253464EC0065FD73 /* CollectionViewCell.swift */; };
		E370A851253464EC0065FD73 /* CollectionViewCell.xib in Resources */ = {isa = PBXBuildFile; fileRef = E370A84F253464EC0065FD73 /* CollectionViewCell.xib */; };
		E370A8572534846D0065FD73 /* Product.swift in Sources */ = {isa = PBXBuildFile; fileRef = E370A8562534846D0065FD73 /* Product.swift */; };
		E370A85925348B550065FD73 /* Cart.swift in Sources */ = {isa = PBXBuildFile; fileRef = E370A85825348B550065FD73 /* Cart.swift */; };
		E38D03EA253036E900921A69 /* ApiURLs.swift in Sources */ = {isa = PBXBuildFile; fileRef = E38D03E9253036E900921A69 /* ApiURLs.swift */; };
		E38D03EC25304B4800921A69 /* Category.swift in Sources */ = {isa = PBXBuildFile; fileRef = E38D03EB25304B4800921A69 /* Category.swift */; };
		E38D03EE25308C3700921A69 /* ViewModel.swift in Sources */ = {isa = PBXBuildFile; fileRef = E38D03ED25308C3700921A69 /* ViewModel.swift */; };
/* End PBXBuildFile section */

/* Begin PBXFileReference section */
		E3155398252EF92200329973 /* Example.app */ = {isa = PBXFileReference; explicitFileType = wrapper.application; includeInIndex = 0; path = Example.app; sourceTree = BUILT_PRODUCTS_DIR; };
		E315539B252EF92200329973 /* AppDelegate.swift */ = {isa = PBXFileReference; lastKnownFileType = sourcecode.swift; path = AppDelegate.swift; sourceTree = "<group>"; };
		E315539D252EF92200329973 /* SceneDelegate.swift */ = {isa = PBXFileReference; lastKnownFileType = sourcecode.swift; path = SceneDelegate.swift; sourceTree = "<group>"; };
		E315539F252EF92200329973 /* ViewController.swift */ = {isa = PBXFileReference; lastKnownFileType = sourcecode.swift; path = ViewController.swift; sourceTree = "<group>"; };
		E31553A4252EF92400329973 /* Assets.xcassets */ = {isa = PBXFileReference; lastKnownFileType = folder.assetcatalog; path = Assets.xcassets; sourceTree = "<group>"; };
		E31553A7252EF92400329973 /* Base */ = {isa = PBXFileReference; lastKnownFileType = file.storyboard; name = Base; path = Base.lproj/LaunchScreen.storyboard; sourceTree = "<group>"; };
		E31553A9252EF92400329973 /* Info.plist */ = {isa = PBXFileReference; lastKnownFileType = text.plist.xml; path = Info.plist; sourceTree = "<group>"; };
		E31553AF252EFA6900329973 /* ViewController.xib */ = {isa = PBXFileReference; lastKnownFileType = file.xib; path = ViewController.xib; sourceTree = "<group>"; };
		E31553B2252F0AF000329973 /* TableViewCell.swift */ = {isa = PBXFileReference; lastKnownFileType = sourcecode.swift; path = TableViewCell.swift; sourceTree = "<group>"; };
		E31553B3252F0AF000329973 /* TableViewCell.xib */ = {isa = PBXFileReference; lastKnownFileType = file.xib; path = TableViewCell.xib; sourceTree = "<group>"; };
		E31553BA252F0C3900329973 /* Categories.swift */ = {isa = PBXFileReference; lastKnownFileType = sourcecode.swift; path = Categories.swift; sourceTree = "<group>"; };
		E3623E2225381250006E0F2E /* CartTableViewCell.swift */ = {isa = PBXFileReference; lastKnownFileType = sourcecode.swift; path = CartTableViewCell.swift; sourceTree = "<group>"; };
		E3623E2325381250006E0F2E /* CartTableViewCell.xib */ = {isa = PBXFileReference; lastKnownFileType = file.xib; path = CartTableViewCell.xib; sourceTree = "<group>"; };
		E3623E5325385C77006E0F2E /* CartView.xib */ = {isa = PBXFileReference; lastKnownFileType = file.xib; path = CartView.xib; sourceTree = "<group>"; };
		E3623E5525385DC7006E0F2E /* CartView.swift */ = {isa = PBXFileReference; lastKnownFileType = sourcecode.swift; path = CartView.swift; sourceTree = "<group>"; };
		E370A849253462DE0065FD73 /* SecondViewController.swift */ = {isa = PBXFileReference; lastKnownFileType = sourcecode.swift; path = SecondViewController.swift; sourceTree = "<group>"; };
		E370A84A253462DE0065FD73 /* SecondViewController.xib */ = {isa = PBXFileReference; lastKnownFileType = file.xib; path = SecondViewController.xib; sourceTree = "<group>"; };
		E370A84E253464EC0065FD73 /* CollectionViewCell.swift */ = {isa = PBXFileReference; lastKnownFileType = sourcecode.swift; path = CollectionViewCell.swift; sourceTree = "<group>"; };
		E370A84F253464EC0065FD73 /* CollectionViewCell.xib */ = {isa = PBXFileReference; lastKnownFileType = file.xib; path = CollectionViewCell.xib; sourceTree = "<group>"; };
		E370A8562534846D0065FD73 /* Product.swift */ = {isa = PBXFileReference; lastKnownFileType = sourcecode.swift; path = Product.swift; sourceTree = "<group>"; };
		E370A85825348B550065FD73 /* Cart.swift */ = {isa = PBXFileReference; lastKnownFileType = sourcecode.swift; path = Cart.swift; sourceTree = "<group>"; };
		E38D03E9253036E900921A69 /* ApiURLs.swift */ = {isa = PBXFileReference; lastKnownFileType = sourcecode.swift; path = ApiURLs.swift; sourceTree = "<group>"; };
		E38D03EB25304B4800921A69 /* Category.swift */ = {isa = PBXFileReference; lastKnownFileType = sourcecode.swift; path = Category.swift; sourceTree = "<group>"; };
		E38D03ED25308C3700921A69 /* ViewModel.swift */ = {isa = PBXFileReference; lastKnownFileType = sourcecode.swift; path = ViewModel.swift; sourceTree = "<group>"; };
/* End PBXFileReference section */

/* Begin PBXFrameworksBuildPhase section */
		E3155395252EF92200329973 /* Frameworks */ = {
			isa = PBXFrameworksBuildPhase;
			buildActionMask = 2147483647;
			files = (
			);
			runOnlyForDeploymentPostprocessing = 0;
		};
/* End PBXFrameworksBuildPhase section */

/* Begin PBXGroup section */
		E315538F252EF92200329973 = {
			isa = PBXGroup;
			children = (
				E315539A252EF92200329973 /* Example */,
				E3155399252EF92200329973 /* Products */,
			);
			sourceTree = "<group>";
		};
		E3155399252EF92200329973 /* Products */ = {
			isa = PBXGroup;
			children = (
				E3155398252EF92200329973 /* Example.app */,
			);
			name = Products;
			sourceTree = "<group>";
		};
		E315539A252EF92200329973 /* Example */ = {
			isa = PBXGroup;
			children = (
				E31553B1252F0AD200329973 /* Views */,
				E315539B252EF92200329973 /* AppDelegate.swift */,
				E315539D252EF92200329973 /* SceneDelegate.swift */,
				E315539F252EF92200329973 /* ViewController.swift */,
				E31553AF252EFA6900329973 /* ViewController.xib */,
				E31553BA252F0C3900329973 /* Categories.swift */,
				E38D03EB25304B4800921A69 /* Category.swift */,
				E38D03E9253036E900921A69 /* ApiURLs.swift */,
				E31553A4252EF92400329973 /* Assets.xcassets */,
				E31553A6252EF92400329973 /* LaunchScreen.storyboard */,
				E31553A9252EF92400329973 /* Info.plist */,
				E38D03ED25308C3700921A69 /* ViewModel.swift */,
				E370A849253462DE0065FD73 /* SecondViewController.swift */,
				E370A84A253462DE0065FD73 /* SecondViewController.xib */,
				E370A8562534846D0065FD73 /* Product.swift */,
				E370A85825348B550065FD73 /* Cart.swift */,
			);
			path = Example;
			sourceTree = "<group>";
		};
		E31553B1252F0AD200329973 /* Views */ = {
			isa = PBXGroup;
			children = (
				E31553B2252F0AF000329973 /* TableViewCell.swift */,
				E31553B3252F0AF000329973 /* TableViewCell.xib */,
				E370A84E253464EC0065FD73 /* CollectionViewCell.swift */,
				E370A84F253464EC0065FD73 /* CollectionViewCell.xib */,
				E3623E2225381250006E0F2E /* CartTableViewCell.swift */,
				E3623E2325381250006E0F2E /* CartTableViewCell.xib */,
				E3623E5325385C77006E0F2E /* CartView.xib */,
				E3623E5525385DC7006E0F2E /* CartView.swift */,
			);
			path = Views;
			sourceTree = "<group>";
		};
/* End PBXGroup section */

/* Begin PBXNativeTarget section */
		E3155397252EF92200329973 /* Example */ = {
			isa = PBXNativeTarget;
			buildConfigurationList = E31553AC252EF92400329973 /* Build configuration list for PBXNativeTarget "Example" */;
			buildPhases = (
				E3155394252EF92200329973 /* Sources */,
				E3155395252EF92200329973 /* Frameworks */,
				E3155396252EF92200329973 /* Resources */,
			);
			buildRules = (
			);
			dependencies = (
			);
			name = Example;
			productName = Example;
			productReference = E3155398252EF92200329973 /* Example.app */;
			productType = "com.apple.product-type.application";
		};
/* End PBXNativeTarget section */

/* Begin PBXProject section */
		E3155390252EF92200329973 /* Project object */ = {
			isa = PBXProject;
			attributes = {
				LastSwiftUpdateCheck = 1170;
				LastUpgradeCheck = 1170;
				ORGANIZATIONNAME = "Manish Meher Edida";
				TargetAttributes = {
					E3155397252EF92200329973 = {
						CreatedOnToolsVersion = 11.7;
					};
				};
			};
			buildConfigurationList = E3155393252EF92200329973 /* Build configuration list for PBXProject "Example" */;
			compatibilityVersion = "Xcode 9.3";
			developmentRegion = en;
			hasScannedForEncodings = 0;
			knownRegions = (
				en,
				Base,
			);
			mainGroup = E315538F252EF92200329973;
			productRefGroup = E3155399252EF92200329973 /* Products */;
			projectDirPath = "";
			projectRoot = "";
			targets = (
				E3155397252EF92200329973 /* Example */,
			);
		};
/* End PBXProject section */

/* Begin PBXResourcesBuildPhase section */
		E3155396252EF92200329973 /* Resources */ = {
			isa = PBXResourcesBuildPhase;
			buildActionMask = 2147483647;
			files = (
				E31553A8252EF92400329973 /* LaunchScreen.storyboard in Resources */,
				E31553B5252F0AF000329973 /* TableViewCell.xib in Resources */,
				E3623E5425385C77006E0F2E /* CartView.xib in Resources */,
				E3623E2525381250006E0F2E /* CartTableViewCell.xib in Resources */,
				E370A851253464EC0065FD73 /* CollectionViewCell.xib in Resources */,
				E31553A5252EF92400329973 /* Assets.xcassets in Resources */,
				E31553B0252EFA6900329973 /* ViewController.xib in Resources */,
				E370A84C253462DE0065FD73 /* SecondViewController.xib in Resources */,
			);
			runOnlyForDeploymentPostprocessing = 0;
		};
/* End PBXResourcesBuildPhase section */

/* Begin PBXSourcesBuildPhase section */
		E3155394252EF92200329973 /* Sources */ = {
			isa = PBXSourcesBuildPhase;
			buildActionMask = 2147483647;
			files = (
				E370A850253464EC0065FD73 /* CollectionViewCell.swift in Sources */,
				E31553A0252EF92200329973 /* ViewController.swift in Sources */,
				E38D03EA253036E900921A69 /* ApiURLs.swift in Sources */,
				E31553B4252F0AF000329973 /* TableViewCell.swift in Sources */,
				E370A84B253462DE0065FD73 /* SecondViewController.swift in Sources */,
				E370A8572534846D0065FD73 /* Product.swift in Sources */,
				E315539C252EF92200329973 /* AppDelegate.swift in Sources */,
				E370A85925348B550065FD73 /* Cart.swift in Sources */,
				E3623E5625385DC7006E0F2E /* CartView.swift in Sources */,
				E315539E252EF92200329973 /* SceneDelegate.swift in Sources */,
				E3623E2425381250006E0F2E /* CartTableViewCell.swift in Sources */,
				E31553BB252F0C3900329973 /* Categories.swift in Sources */,
				E38D03EE25308C3700921A69 /* ViewModel.swift in Sources */,
				E38D03EC25304B4800921A69 /* Category.swift in Sources */,
			);
			runOnlyForDeploymentPostprocessing = 0;
		};
/* End PBXSourcesBuildPhase section */

/* Begin PBXVariantGroup section */
		E31553A6252EF92400329973 /* LaunchScreen.storyboard */ = {
			isa = PBXVariantGroup;
			children = (
				E31553A7252EF92400329973 /* Base */,
			);
			name = LaunchScreen.storyboard;
			sourceTree = "<group>";
		};
/* End PBXVariantGroup section */

/* Begin XCBuildConfiguration section */
		E31553AA252EF92400329973 /* Debug */ = {
			isa = XCBuildConfiguration;
			buildSettings = {
				ALWAYS_SEARCH_USER_PATHS = NO;
				CLANG_ANALYZER_NONNULL = YES;
				CLANG_ANALYZER_NUMBER_OBJECT_CONVERSION = YES_AGGRESSIVE;
				CLANG_CXX_LANGUAGE_STANDARD = "gnu++14";
				CLANG_CXX_LIBRARY = "libc++";
				CLANG_ENABLE_MODULES = YES;
				CLANG_ENABLE_OBJC_ARC = YES;
				CLANG_ENABLE_OBJC_WEAK = YES;
				CLANG_WARN_BLOCK_CAPTURE_AUTORELEASING = YES;
				CLANG_WARN_BOOL_CONVERSION = YES;
				CLANG_WARN_COMMA = YES;
				CLANG_WARN_CONSTANT_CONVERSION = YES;
				CLANG_WARN_DEPRECATED_OBJC_IMPLEMENTATIONS = YES;
				CLANG_WARN_DIRECT_OBJC_ISA_USAGE = YES_ERROR;
				CLANG_WARN_DOCUMENTATION_COMMENTS = YES;
				CLANG_WARN_EMPTY_BODY = YES;
				CLANG_WARN_ENUM_CONVERSION = YES;
				CLANG_WARN_INFINITE_RECURSION = YES;
				CLANG_WARN_INT_CONVERSION = YES;
				CLANG_WARN_NON_LITERAL_NULL_CONVERSION = YES;
				CLANG_WARN_OBJC_IMPLICIT_RETAIN_SELF = YES;
				CLANG_WARN_OBJC_LITERAL_CONVERSION = YES;
				CLANG_WARN_OBJC_ROOT_CLASS = YES_ERROR;
				CLANG_WARN_RANGE_LOOP_ANALYSIS = YES;
				CLANG_WARN_STRICT_PROTOTYPES = YES;
				CLANG_WARN_SUSPICIOUS_MOVE = YES;
				CLANG_WARN_UNGUARDED_AVAILABILITY = YES_AGGRESSIVE;
				CLANG_WARN_UNREACHABLE_CODE = YES;
				CLANG_WARN__DUPLICATE_METHOD_MATCH = YES;
				COPY_PHASE_STRIP = NO;
				DEBUG_INFORMATION_FORMAT = dwarf;
				ENABLE_STRICT_OBJC_MSGSEND = YES;
				ENABLE_TESTABILITY = YES;
				GCC_C_LANGUAGE_STANDARD = gnu11;
				GCC_DYNAMIC_NO_PIC = NO;
				GCC_NO_COMMON_BLOCKS = YES;
				GCC_OPTIMIZATION_LEVEL = 0;
				GCC_PREPROCESSOR_DEFINITIONS = (
					"DEBUG=1",
					"$(inherited)",
				);
				GCC_WARN_64_TO_32_BIT_CONVERSION = YES;
				GCC_WARN_ABOUT_RETURN_TYPE = YES_ERROR;
				GCC_WARN_UNDECLARED_SELECTOR = YES;
				GCC_WARN_UNINITIALIZED_AUTOS = YES_AGGRESSIVE;
				GCC_WARN_UNUSED_FUNCTION = YES;
				GCC_WARN_UNUSED_VARIABLE = YES;
				IPHONEOS_DEPLOYMENT_TARGET = 13.7;
				MTL_ENABLE_DEBUG_INFO = INCLUDE_SOURCE;
				MTL_FAST_MATH = YES;
				ONLY_ACTIVE_ARCH = YES;
				SDKROOT = iphoneos;
				SWIFT_ACTIVE_COMPILATION_CONDITIONS = DEBUG;
				SWIFT_OPTIMIZATION_LEVEL = "-Onone";
			};
			name = Debug;
		};
		E31553AB252EF92400329973 /* Release */ = {
			isa = XCBuildConfiguration;
			buildSettings = {
				ALWAYS_SEARCH_USER_PATHS = NO;
				CLANG_ANALYZER_NONNULL = YES;
				CLANG_ANALYZER_NUMBER_OBJECT_CONVERSION = YES_AGGRESSIVE;
				CLANG_CXX_LANGUAGE_STANDARD = "gnu++14";
				CLANG_CXX_LIBRARY = "libc++";
				CLANG_ENABLE_MODULES = YES;
				CLANG_ENABLE_OBJC_ARC = YES;
				CLANG_ENABLE_OBJC_WEAK = YES;
				CLANG_WARN_BLOCK_CAPTURE_AUTORELEASING = YES;
				CLANG_WARN_BOOL_CONVERSION = YES;
				CLANG_WARN_COMMA = YES;
				CLANG_WARN_CONSTANT_CONVERSION = YES;
				CLANG_WARN_DEPRECATED_OBJC_IMPLEMENTATIONS = YES;
				CLANG_WARN_DIRECT_OBJC_ISA_USAGE = YES_ERROR;
				CLANG_WARN_DOCUMENTATION_COMMENTS = YES;
				CLANG_WARN_EMPTY_BODY = YES;
				CLANG_WARN_ENUM_CONVERSION = YES;
				CLANG_WARN_INFINITE_RECURSION = YES;
				CLANG_WARN_INT_CONVERSION = YES;
				CLANG_WARN_NON_LITERAL_NULL_CONVERSION = YES;
				CLANG_WARN_OBJC_IMPLICIT_RETAIN_SELF = YES;
				CLANG_WARN_OBJC_LITERAL_CONVERSION = YES;
				CLANG_WARN_OBJC_ROOT_CLASS = YES_ERROR;
				CLANG_WARN_RANGE_LOOP_ANALYSIS = YES;
				CLANG_WARN_STRICT_PROTOTYPES = YES;
				CLANG_WARN_SUSPICIOUS_MOVE = YES;
				CLANG_WARN_UNGUARDED_AVAILABILITY = YES_AGGRESSIVE;
				CLANG_WARN_UNREACHABLE_CODE = YES;
				CLANG_WARN__DUPLICATE_METHOD_MATCH = YES;
				COPY_PHASE_STRIP = NO;
				DEBUG_INFORMATION_FORMAT = "dwarf-with-dsym";
				ENABLE_NS_ASSERTIONS = NO;
				ENABLE_STRICT_OBJC_MSGSEND = YES;
				GCC_C_LANGUAGE_STANDARD = gnu11;
				GCC_NO_COMMON_BLOCKS = YES;
				GCC_WARN_64_TO_32_BIT_CONVERSION = YES;
				GCC_WARN_ABOUT_RETURN_TYPE = YES_ERROR;
				GCC_WARN_UNDECLARED_SELECTOR = YES;
				GCC_WARN_UNINITIALIZED_AUTOS = YES_AGGRESSIVE;
				GCC_WARN_UNUSED_FUNCTION = YES;
				GCC_WARN_UNUSED_VARIABLE = YES;
				IPHONEOS_DEPLOYMENT_TARGET = 13.7;
				MTL_ENABLE_DEBUG_INFO = NO;
				MTL_FAST_MATH = YES;
				SDKROOT = iphoneos;
				SWIFT_COMPILATION_MODE = wholemodule;
				SWIFT_OPTIMIZATION_LEVEL = "-O";
				VALIDATE_PRODUCT = YES;
			};
			name = Release;
		};
		E31553AD252EF92400329973 /* Debug */ = {
			isa = XCBuildConfiguration;
			buildSettings = {
				ASSETCATALOG_COMPILER_APPICON_NAME = AppIcon;
				CODE_SIGN_STYLE = Automatic;
				INFOPLIST_FILE = Example/Info.plist;
				LD_RUNPATH_SEARCH_PATHS = (
					"$(inherited)",
					"@executable_path/Frameworks",
				);
				PRODUCT_BUNDLE_IDENTIFIER = com.infoedge.Example;
				PRODUCT_NAME = Example;
				SWIFT_VERSION = 5.0;
				TARGETED_DEVICE_FAMILY = "1,2";
			};
			name = Debug;
		};
		E31553AE252EF92400329973 /* Release */ = {
			isa = XCBuildConfiguration;
			buildSettings = {
				ASSETCATALOG_COMPILER_APPICON_NAME = AppIcon;
				CODE_SIGN_STYLE = Automatic;
				INFOPLIST_FILE = Example/Info.plist;
				LD_RUNPATH_SEARCH_PATHS = (
					"$(inherited)",
					"@executable_path/Frameworks",
				);
				PRODUCT_BUNDLE_IDENTIFIER = com.infoedge.Example;
				PRODUCT_NAME = Example;
				SWIFT_VERSION = 5.0;
				TARGETED_DEVICE_FAMILY = "1,2";
			};
			name = Release;
		};
/* End XCBuildConfiguration section */

/* Begin XCConfigurationList section */
		E3155393252EF92200329973 /* Build configuration list for PBXProject "Example" */ = {
			isa = XCConfigurationList;
			buildConfigurations = (
				E31553AA252EF92400329973 /* Debug */,
				E31553AB252EF92400329973 /* Release */,
			);
			defaultConfigurationIsVisible = 0;
			defaultConfigurationName = Release;
		};
		E31553AC252EF92400329973 /* Build configuration list for PBXNativeTarget "Example" */ = {
			isa = XCConfigurationList;
			buildConfigurations = (
				E31553AD252EF92400329973 /* Debug */,
				E31553AE252EF92400329973 /* Release */,
			);
			defaultConfigurationIsVisible = 0;
			defaultConfigurationName = Release;
		};
/* End XCConfigurationList section */
	};
	rootObject = E3155390252EF92200329973 /* Project object */;
}
